// !$*UTF8*$!
{
	archiveVersion = 1;
	classes = {
	};
	objectVersion = 46;
	objects = {

/* Begin PBXBuildFile section */
		01C77A4D14F703950066CC54 /* UIKit.framework in Frameworks */ = {isa = PBXBuildFile; fileRef = 01C77A4C14F703950066CC54 /* UIKit.framework */; };
		01C77A4F14F703950066CC54 /* Foundation.framework in Frameworks */ = {isa = PBXBuildFile; fileRef = 01C77A4E14F703950066CC54 /* Foundation.framework */; };
		01C77A5114F703950066CC54 /* CoreGraphics.framework in Frameworks */ = {isa = PBXBuildFile; fileRef = 01C77A5014F703950066CC54 /* CoreGraphics.framework */; };
		01C77A5314F703950066CC54 /* CoreData.framework in Frameworks */ = {isa = PBXBuildFile; fileRef = 01C77A5214F703950066CC54 /* CoreData.framework */; };
		01C77A5914F703950066CC54 /* InfoPlist.strings in Resources */ = {isa = PBXBuildFile; fileRef = 01C77A5714F703950066CC54 /* InfoPlist.strings */; };
		01C77A5B14F703950066CC54 /* main.m in Sources */ = {isa = PBXBuildFile; fileRef = 01C77A5A14F703950066CC54 /* main.m */; };
		01C77A5F14F703950066CC54 /* AppDelegate.m in Sources */ = {isa = PBXBuildFile; fileRef = 01C77A5E14F703950066CC54 /* AppDelegate.m */; };
		01C77A6214F703950066CC54 /* forms.xcdatamodeld in Sources */ = {isa = PBXBuildFile; fileRef = 01C77A6014F703950066CC54 /* forms.xcdatamodeld */; };
		01C77A6A14F703950066CC54 /* SenTestingKit.framework in Frameworks */ = {isa = PBXBuildFile; fileRef = 01C77A6914F703950066CC54 /* SenTestingKit.framework */; };
		01C77A6B14F703950066CC54 /* UIKit.framework in Frameworks */ = {isa = PBXBuildFile; fileRef = 01C77A4C14F703950066CC54 /* UIKit.framework */; };
		01C77A6C14F703950066CC54 /* Foundation.framework in Frameworks */ = {isa = PBXBuildFile; fileRef = 01C77A4E14F703950066CC54 /* Foundation.framework */; };
		01C77A6D14F703950066CC54 /* CoreData.framework in Frameworks */ = {isa = PBXBuildFile; fileRef = 01C77A5214F703950066CC54 /* CoreData.framework */; };
		01C77A7514F703950066CC54 /* InfoPlist.strings in Resources */ = {isa = PBXBuildFile; fileRef = 01C77A7314F703950066CC54 /* InfoPlist.strings */; };
		01C77A7814F703950066CC54 /* formsTests.m in Sources */ = {isa = PBXBuildFile; fileRef = 01C77A7714F703950066CC54 /* formsTests.m */; };
/* End PBXBuildFile section */

/* Begin PBXContainerItemProxy section */
		01C77A6E14F703950066CC54 /* PBXContainerItemProxy */ = {
			isa = PBXContainerItemProxy;
			containerPortal = 01C77A3F14F703940066CC54 /* Project object */;
			proxyType = 1;
			remoteGlobalIDString = 01C77A4714F703950066CC54;
			remoteInfo = forms;
		};
/* End PBXContainerItemProxy section */

/* Begin PBXFileReference section */
		01C77A4814F703950066CC54 /* forms.app */ = {isa = PBXFileReference; explicitFileType = wrapper.application; includeInIndex = 0; path = forms.app; sourceTree = BUILT_PRODUCTS_DIR; };
		01C77A4C14F703950066CC54 /* UIKit.framework */ = {isa = PBXFileReference; lastKnownFileType = wrapper.framework; name = UIKit.framework; path = System/Library/Frameworks/UIKit.framework; sourceTree = SDKROOT; };
		01C77A4E14F703950066CC54 /* Foundation.framework */ = {isa = PBXFileReference; lastKnownFileType = wrapper.framework; name = Foundation.framework; path = System/Library/Frameworks/Foundation.framework; sourceTree = SDKROOT; };
		01C77A5014F703950066CC54 /* CoreGraphics.framework */ = {isa = PBXFileReference; lastKnownFileType = wrapper.framework; name = CoreGraphics.framework; path = System/Library/Frameworks/CoreGraphics.framework; sourceTree = SDKROOT; };
		01C77A5214F703950066CC54 /* CoreData.framework */ = {isa = PBXFileReference; lastKnownFileType = wrapper.framework; name = CoreData.framework; path = System/Library/Frameworks/CoreData.framework; sourceTree = SDKROOT; };
		01C77A5614F703950066CC54 /* forms-Info.plist */ = {isa = PBXFileReference; lastKnownFileType = text.plist.xml; path = "forms-Info.plist"; sourceTree = "<group>"; };
		01C77A5814F703950066CC54 /* en */ = {isa = PBXFileReference; lastKnownFileType = text.plist.strings; name = en; path = en.lproj/InfoPlist.strings; sourceTree = "<group>"; };
		01C77A5A14F703950066CC54 /* main.m */ = {isa = PBXFileReference; lastKnownFileType = sourcecode.c.objc; path = main.m; sourceTree = "<group>"; };
		01C77A5C14F703950066CC54 /* forms-Prefix.pch */ = {isa = PBXFileReference; lastKnownFileType = sourcecode.c.h; path = "forms-Prefix.pch"; sourceTree = "<group>"; };
		01C77A5D14F703950066CC54 /* AppDelegate.h */ = {isa = PBXFileReference; lastKnownFileType = sourcecode.c.h; path = AppDelegate.h; sourceTree = "<group>"; };
		01C77A5E14F703950066CC54 /* AppDelegate.m */ = {isa = PBXFileReference; lastKnownFileType = sourcecode.c.objc; path = AppDelegate.m; sourceTree = "<group>"; };
		01C77A6114F703950066CC54 /* forms.xcdatamodel */ = {isa = PBXFileReference; lastKnownFileType = wrapper.xcdatamodel; path = forms.xcdatamodel; sourceTree = "<group>"; };
		01C77A6814F703950066CC54 /* formsTests.octest */ = {isa = PBXFileReference; explicitFileType = wrapper.cfbundle; includeInIndex = 0; path = formsTests.octest; sourceTree = BUILT_PRODUCTS_DIR; };
		01C77A6914F703950066CC54 /* SenTestingKit.framework */ = {isa = PBXFileReference; lastKnownFileType = wrapper.framework; name = SenTestingKit.framework; path = Library/Frameworks/SenTestingKit.framework; sourceTree = DEVELOPER_DIR; };
		01C77A7214F703950066CC54 /* formsTests-Info.plist */ = {isa = PBXFileReference; lastKnownFileType = text.plist.xml; path = "formsTests-Info.plist"; sourceTree = "<group>"; };
		01C77A7414F703950066CC54 /* en */ = {isa = PBXFileReference; lastKnownFileType = text.plist.strings; name = en; path = en.lproj/InfoPlist.strings; sourceTree = "<group>"; };
		01C77A7614F703950066CC54 /* formsTests.h */ = {isa = PBXFileReference; lastKnownFileType = sourcecode.c.h; path = formsTests.h; sourceTree = "<group>"; };
		01C77A7714F703950066CC54 /* formsTests.m */ = {isa = PBXFileReference; lastKnownFileType = sourcecode.c.objc; path = formsTests.m; sourceTree = "<group>"; };
/* End PBXFileReference section */

/* Begin PBXFrameworksBuildPhase section */
		01C77A4514F703950066CC54 /* Frameworks */ = {
			isa = PBXFrameworksBuildPhase;
			buildActionMask = 2147483647;
			files = (
				01C77A4D14F703950066CC54 /* UIKit.framework in Frameworks */,
				01C77A4F14F703950066CC54 /* Foundation.framework in Frameworks */,
				01C77A5114F703950066CC54 /* CoreGraphics.framework in Frameworks */,
				01C77A5314F703950066CC54 /* CoreData.framework in Frameworks */,
			);
			runOnlyForDeploymentPostprocessing = 0;
		};
		01C77A6414F703950066CC54 /* Frameworks */ = {
			isa = PBXFrameworksBuildPhase;
			buildActionMask = 2147483647;
			files = (
				01C77A6A14F703950066CC54 /* SenTestingKit.framework in Frameworks */,
				01C77A6B14F703950066CC54 /* UIKit.framework in Frameworks */,
				01C77A6C14F703950066CC54 /* Foundation.framework in Frameworks */,
				01C77A6D14F703950066CC54 /* CoreData.framework in Frameworks */,
			);
			runOnlyForDeploymentPostprocessing = 0;
		};
/* End PBXFrameworksBuildPhase section */

/* Begin PBXGroup section */
		01C77A3D14F703940066CC54 = {
			isa = PBXGroup;
			children = (
				01C77A5414F703950066CC54 /* forms */,
				01C77A7014F703950066CC54 /* formsTests */,
				01C77A4B14F703950066CC54 /* Frameworks */,
				01C77A4914F703950066CC54 /* Products */,
			);
			sourceTree = "<group>";
		};
		01C77A4914F703950066CC54 /* Products */ = {
			isa = PBXGroup;
			children = (
				01C77A4814F703950066CC54 /* forms.app */,
				01C77A6814F703950066CC54 /* formsTests.octest */,
			);
			name = Products;
			sourceTree = "<group>";
		};
		01C77A4B14F703950066CC54 /* Frameworks */ = {
			isa = PBXGroup;
			children = (
				01C77A4C14F703950066CC54 /* UIKit.framework */,
				01C77A4E14F703950066CC54 /* Foundation.framework */,
				01C77A5014F703950066CC54 /* CoreGraphics.framework */,
				01C77A5214F703950066CC54 /* CoreData.framework */,
				01C77A6914F703950066CC54 /* SenTestingKit.framework */,
			);
			name = Frameworks;
			sourceTree = "<group>";
		};
		01C77A5414F703950066CC54 /* forms */ = {
			isa = PBXGroup;
			children = (
				01C77A5D14F703950066CC54 /* AppDelegate.h */,
				01C77A5E14F703950066CC54 /* AppDelegate.m */,
				01C77A6014F703950066CC54 /* forms.xcdatamodeld */,
				01C77A5514F703950066CC54 /* Supporting Files */,
			);
			path = forms;
			sourceTree = "<group>";
		};
		01C77A5514F703950066CC54 /* Supporting Files */ = {
			isa = PBXGroup;
			children = (
				01C77A5614F703950066CC54 /* forms-Info.plist */,
				01C77A5714F703950066CC54 /* InfoPlist.strings */,
				01C77A5A14F703950066CC54 /* main.m */,
				01C77A5C14F703950066CC54 /* forms-Prefix.pch */,
			);
			name = "Supporting Files";
			sourceTree = "<group>";
		};
		01C77A7014F703950066CC54 /* formsTests */ = {
			isa = PBXGroup;
			children = (
				01C77A7614F703950066CC54 /* formsTests.h */,
				01C77A7714F703950066CC54 /* formsTests.m */,
				01C77A7114F703950066CC54 /* Supporting Files */,
			);
			path = formsTests;
			sourceTree = "<group>";
		};
		01C77A7114F703950066CC54 /* Supporting Files */ = {
			isa = PBXGroup;
			children = (
				01C77A7214F703950066CC54 /* formsTests-Info.plist */,
				01C77A7314F703950066CC54 /* InfoPlist.strings */,
			);
			name = "Supporting Files";
			sourceTree = "<group>";
		};
/* End PBXGroup section */

/* Begin PBXNativeTarget section */
		01C77A4714F703950066CC54 /* forms */ = {
			isa = PBXNativeTarget;
			buildConfigurationList = 01C77A7B14F703950066CC54 /* Build configuration list for PBXNativeTarget "forms" */;
			buildPhases = (
				01C77A4414F703950066CC54 /* Sources */,
				01C77A4514F703950066CC54 /* Frameworks */,
				01C77A4614F703950066CC54 /* Resources */,
			);
			buildRules = (
			);
			dependencies = (
			);
			name = forms;
			productName = forms;
			productReference = 01C77A4814F703950066CC54 /* forms.app */;
			productType = "com.apple.product-type.application";
		};
		01C77A6714F703950066CC54 /* formsTests */ = {
			isa = PBXNativeTarget;
			buildConfigurationList = 01C77A7E14F703950066CC54 /* Build configuration list for PBXNativeTarget "formsTests" */;
			buildPhases = (
				01C77A6314F703950066CC54 /* Sources */,
				01C77A6414F703950066CC54 /* Frameworks */,
				01C77A6514F703950066CC54 /* Resources */,
				01C77A6614F703950066CC54 /* ShellScript */,
			);
			buildRules = (
			);
			dependencies = (
				01C77A6F14F703950066CC54 /* PBXTargetDependency */,
			);
			name = formsTests;
			productName = formsTests;
			productReference = 01C77A6814F703950066CC54 /* formsTests.octest */;
			productType = "com.apple.product-type.bundle";
		};
/* End PBXNativeTarget section */

/* Begin PBXProject section */
		01C77A3F14F703940066CC54 /* Project object */ = {
			isa = PBXProject;
			attributes = {
				LastUpgradeCheck = 0420;
			};
			buildConfigurationList = 01C77A4214F703940066CC54 /* Build configuration list for PBXProject "forms" */;
			compatibilityVersion = "Xcode 3.2";
			developmentRegion = English;
			hasScannedForEncodings = 0;
			knownRegions = (
				en,
			);
			mainGroup = 01C77A3D14F703940066CC54;
			productRefGroup = 01C77A4914F703950066CC54 /* Products */;
			projectDirPath = "";
			projectRoot = "";
			targets = (
				01C77A4714F703950066CC54 /* forms */,
				01C77A6714F703950066CC54 /* formsTests */,
			);
		};
/* End PBXProject section */

/* Begin PBXResourcesBuildPhase section */
		01C77A4614F703950066CC54 /* Resources */ = {
			isa = PBXResourcesBuildPhase;
			buildActionMask = 2147483647;
			files = (
				01C77A5914F703950066CC54 /* InfoPlist.strings in Resources */,
			);
			runOnlyForDeploymentPostprocessing = 0;
		};
		01C77A6514F703950066CC54 /* Resources */ = {
			isa = PBXResourcesBuildPhase;
			buildActionMask = 2147483647;
			files = (
				01C77A7514F703950066CC54 /* InfoPlist.strings in Resources */,
			);
			runOnlyForDeploymentPostprocessing = 0;
		};
/* End PBXResourcesBuildPhase section */

/* Begin PBXShellScriptBuildPhase section */
		01C77A6614F703950066CC54 /* ShellScript */ = {
			isa = PBXShellScriptBuildPhase;
			buildActionMask = 2147483647;
			files = (
			);
			inputPaths = (
			);
			outputPaths = (
			);
			runOnlyForDeploymentPostprocessing = 0;
			shellPath = /bin/sh;
			shellScript = "# Run the unit tests in this test bundle.\n\"${SYSTEM_DEVELOPER_DIR}/Tools/RunUnitTests\"\n";
		};
/* End PBXShellScriptBuildPhase section */

/* Begin PBXSourcesBuildPhase section */
		01C77A4414F703950066CC54 /* Sources */ = {
			isa = PBXSourcesBuildPhase;
			buildActionMask = 2147483647;
			files = (
				01C77A5B14F703950066CC54 /* main.m in Sources */,
				01C77A5F14F703950066CC54 /* AppDelegate.m in Sources */,
				01C77A6214F703950066CC54 /* forms.xcdatamodeld in Sources */,
			);
			runOnlyForDeploymentPostprocessing = 0;
		};
		01C77A6314F703950066CC54 /* Sources */ = {
			isa = PBXSourcesBuildPhase;
			buildActionMask = 2147483647;
			files = (
				01C77A7814F703950066CC54 /* formsTests.m in Sources */,
			);
			runOnlyForDeploymentPostprocessing = 0;
		};
/* End PBXSourcesBuildPhase section */

/* Begin PBXTargetDependency section */
		01C77A6F14F703950066CC54 /* PBXTargetDependency */ = {
			isa = PBXTargetDependency;
			target = 01C77A4714F703950066CC54 /* forms */;
			targetProxy = 01C77A6E14F703950066CC54 /* PBXContainerItemProxy */;
		};
/* End PBXTargetDependency section */

/* Begin PBXVariantGroup section */
		01C77A5714F703950066CC54 /* InfoPlist.strings */ = {
			isa = PBXVariantGroup;
			children = (
				01C77A5814F703950066CC54 /* en */,
			);
			name = InfoPlist.strings;
			sourceTree = "<group>";
		};
		01C77A7314F703950066CC54 /* InfoPlist.strings */ = {
			isa = PBXVariantGroup;
			children = (
				01C77A7414F703950066CC54 /* en */,
			);
			name = InfoPlist.strings;
			sourceTree = "<group>";
		};
/* End PBXVariantGroup section */

/* Begin XCBuildConfiguration section */
		01C77A7914F703950066CC54 /* Debug */ = {
			isa = XCBuildConfiguration;
			buildSettings = {
				ALWAYS_SEARCH_USER_PATHS = NO;
				ARCHS = "$(ARCHS_STANDARD_32_BIT)";
				CLANG_ENABLE_OBJC_ARC = YES;
				"CODE_SIGN_IDENTITY[sdk=iphoneos*]" = "iPhone Developer";
				COPY_PHASE_STRIP = NO;
				GCC_C_LANGUAGE_STANDARD = gnu99;
				GCC_DYNAMIC_NO_PIC = NO;
				GCC_OPTIMIZATION_LEVEL = 0;
				GCC_PREPROCESSOR_DEFINITIONS = (
					"DEBUG=1",
					"$(inherited)",
				);
				GCC_SYMBOLS_PRIVATE_EXTERN = NO;
				GCC_VERSION = com.apple.compilers.llvm.clang.1_0;
				GCC_WARN_ABOUT_MISSING_PROTOTYPES = YES;
				GCC_WARN_ABOUT_RETURN_TYPE = YES;
				GCC_WARN_UNUSED_VARIABLE = YES;
				IPHONEOS_DEPLOYMENT_TARGET = 5.0;
				SDKROOT = iphoneos;
				TARGETED_DEVICE_FAMILY = "1,2";
			};
			name = Debug;
		};
		01C77A7A14F703950066CC54 /* Release */ = {
			isa = XCBuildConfiguration;
			buildSettings = {
				ALWAYS_SEARCH_USER_PATHS = NO;
				ARCHS = "$(ARCHS_STANDARD_32_BIT)";
				CLANG_ENABLE_OBJC_ARC = YES;
				"CODE_SIGN_IDENTITY[sdk=iphoneos*]" = "iPhone Developer";
				COPY_PHASE_STRIP = YES;
				GCC_C_LANGUAGE_STANDARD = gnu99;
				GCC_VERSION = com.apple.compilers.llvm.clang.1_0;
				GCC_WARN_ABOUT_MISSING_PROTOTYPES = YES;
				GCC_WARN_ABOUT_RETURN_TYPE = YES;
				GCC_WARN_UNUSED_VARIABLE = YES;
				IPHONEOS_DEPLOYMENT_TARGET = 5.0;
				OTHER_CFLAGS = "-DNS_BLOCK_ASSERTIONS=1";
				SDKROOT = iphoneos;
				TARGETED_DEVICE_FAMILY = "1,2";
				VALIDATE_PRODUCT = YES;
			};
			name = Release;
		};
		01C77A7C14F703950066CC54 /* Debug */ = {
			isa = XCBuildConfiguration;
			buildSettings = {
				GCC_PRECOMPILE_PREFIX_HEADER = YES;
				GCC_PREFIX_HEADER = "forms/forms-Prefix.pch";
				INFOPLIST_FILE = "forms/forms-Info.plist";
				PRODUCT_NAME = "$(TARGET_NAME)";
				WRAPPER_EXTENSION = app;
			};
			name = Debug;
		};
		01C77A7D14F703950066CC54 /* Release */ = {
			isa = XCBuildConfiguration;
			buildSettings = {
				GCC_PRECOMPILE_PREFIX_HEADER = YES;
				GCC_PREFIX_HEADER = "forms/forms-Prefix.pch";
				INFOPLIST_FILE = "forms/forms-Info.plist";
				PRODUCT_NAME = "$(TARGET_NAME)";
				WRAPPER_EXTENSION = app;
			};
			name = Release;
		};
		01C77A7F14F703950066CC54 /* Debug */ = {
			isa = XCBuildConfiguration;
			buildSettings = {
				BUNDLE_LOADER = "$(BUILT_PRODUCTS_DIR)/forms.app/forms";
				FRAMEWORK_SEARCH_PATHS = (
					"$(SDKROOT)/Developer/Library/Frameworks",
					"$(DEVELOPER_LIBRARY_DIR)/Frameworks",
				);
				GCC_PRECOMPILE_PREFIX_HEADER = YES;
				GCC_PREFIX_HEADER = "forms/forms-Prefix.pch";
				INFOPLIST_FILE = "formsTests/formsTests-Info.plist";
				PRODUCT_NAME = "$(TARGET_NAME)";
				TEST_HOST = "$(BUNDLE_LOADER)";
				WRAPPER_EXTENSION = octest;
			};
			name = Debug;
		};
		01C77A8014F703950066CC54 /* Release */ = {
			isa = XCBuildConfiguration;
			buildSettings = {
				BUNDLE_LOADER = "$(BUILT_PRODUCTS_DIR)/forms.app/forms";
				FRAMEWORK_SEARCH_PATHS = (
					"$(SDKROOT)/Developer/Library/Frameworks",
					"$(DEVELOPER_LIBRARY_DIR)/Frameworks",
				);
				GCC_PRECOMPILE_PREFIX_HEADER = YES;
				GCC_PREFIX_HEADER = "forms/forms-Prefix.pch";
				INFOPLIST_FILE = "formsTests/formsTests-Info.plist";
				PRODUCT_NAME = "$(TARGET_NAME)";
				TEST_HOST = "$(BUNDLE_LOADER)";
				WRAPPER_EXTENSION = octest;
			};
			name = Release;
		};
/* End XCBuildConfiguration section */

/* Begin XCConfigurationList section */
		01C77A4214F703940066CC54 /* Build configuration list for PBXProject "forms" */ = {
			isa = XCConfigurationList;
			buildConfigurations = (
				01C77A7914F703950066CC54 /* Debug */,
				01C77A7A14F703950066CC54 /* Release */,
			);
			defaultConfigurationIsVisible = 0;
			defaultConfigurationName = Release;
		};
		01C77A7B14F703950066CC54 /* Build configuration list for PBXNativeTarget "forms" */ = {
			isa = XCConfigurationList;
			buildConfigurations = (
				01C77A7C14F703950066CC54 /* Debug */,
				01C77A7D14F703950066CC54 /* Release */,
			);
			defaultConfigurationIsVisible = 0;
		};
		01C77A7E14F703950066CC54 /* Build configuration list for PBXNativeTarget "formsTests" */ = {
			isa = XCConfigurationList;
			buildConfigurations = (
				01C77A7F14F703950066CC54 /* Debug */,
				01C77A8014F703950066CC54 /* Release */,
			);
			defaultConfigurationIsVisible = 0;
		};
/* End XCConfigurationList section */

/* Begin XCVersionGroup section */
		01C77A6014F703950066CC54 /* forms.xcdatamodeld */ = {
			isa = XCVersionGroup;
			children = (
				01C77A6114F703950066CC54 /* forms.xcdatamodel */,
			);
			currentVersion = 01C77A6114F703950066CC54 /* forms.xcdatamodel */;
			path = forms.xcdatamodeld;
			sourceTree = "<group>";
			versionGroupType = wrapper.xcdatamodel;
		};
/* End XCVersionGroup section */
	};
	rootObject = 01C77A3F14F703940066CC54 /* Project object */;
}
